{
  "name": "email-sender",
  "version": "1.0.0",
  "lockfileVersion": 1,
  "dependencies": {
    "express": {
      "version": "4.17.1",
      "resolved": "https://registry.npmjs.org/express/-/express-4.17.1.tgz",
      "integrity": "sha512-5q/wCPZIKNxZgm8rkTgk6AeMBe23rA7UM8w7ecqMneYIBW+BrYyyTwjFGK7+aJ9QDxObIQMKB2X1OwhQs3Ekgw==",
      "engines": {
        "node": ">= 6.0.0"
      }
    }
  }
}

